# THIS IS AN AUTOGENERATED FILE. DO NOT EDIT THIS FILE DIRECTLY.
# yarn lockfile v1


"@angular/common@^2 || ^4":
  version "4.3.6"
  resolved "https://registry.yarnpkg.com/@angular/common/-/common-4.3.6.tgz#ed37e9307c7506dd834797c1a6cf675e52b5b6ee"
  dependencies:
    tslib "^1.7.1"

"@angular/core@^2 || ^4":
  version "4.3.6"
  resolved "https://registry.yarnpkg.com/@angular/core/-/core-4.3.6.tgz#bbac63d68d0f7bcb389d12b34208652be3287e96"
  dependencies:
    tslib "^1.7.1"

angular-wormhole@^1.1.0:
  version "1.1.0"
  resolved "https://registry.yarnpkg.com/angular-wormhole/-/angular-wormhole-1.1.0.tgz#b26887dcf8d76b8daa2b3af50bb446adc4686403"

tslib@^1.7.1:
  version "1.7.1"
  resolved "https://registry.yarnpkg.com/tslib/-/tslib-1.7.1.tgz#bc8004164691923a79fe8378bbeb3da2017538ec"

typescript@^2.5.2:
  version "2.5.2"
  resolved "https://registry.yarnpkg.com/typescript/-/typescript-2.5.2.tgz#038a95f7d9bbb420b1bf35ba31d4c5c1dd3ffe34"
