# THIS IS AN AUTOGENERATED FILE. DO NOT EDIT THIS FILE DIRECTLY.
# yarn lockfile v1


"@angular/common@^2.0.0":
  version "2.4.7"
  resolved "https://registry.yarnpkg.com/@angular/common/-/common-2.4.7.tgz#9316daf90e353e67187d2e0afec5521c2001bd4b"

"@angular/core@^2.0.0":
  version "2.4.5"
  resolved "https://registry.yarnpkg.com/@angular/core/-/core-2.4.5.tgz#8b05156398afde9636e65527ffb61fc74236af5a"

angular-wormhole@^1.1.0:
  version "1.1.0"
  resolved "https://registry.yarnpkg.com/angular-wormhole/-/angular-wormhole-1.1.0.tgz#b26887dcf8d76b8daa2b3af50bb446adc4686403"

typescript@^2.0.0:
  version "2.1.5"
  resolved "https://registry.yarnpkg.com/typescript/-/typescript-2.1.5.tgz#6fe9479e00e01855247cea216e7561bafcdbcd4a"
